
Microsoft Visual Studio Solution File, Format Version 12.00
# Visual Studio Version 17
VisualStudioVersion = 17.13.35931.197 d17.13
MinimumVisualStudioVersion = 10.0.40219.1
Project("{FAE04EC0-301F-11D3-BF4B-00C04F79EFBC}") = "oop2.2", "oop2.2\oop2.2.csproj", "{679A390F-1018-4D2C-8C36-08D1E481AB60}"
EndProject
Global
	GlobalSection(SolutionConfigurationPlatforms) = preSolution
		Debug|Any CPU = Debug|Any CPU
		Release|Any CPU = Release|Any CPU
	EndGlobalSection
	GlobalSection(ProjectConfigurationPlatforms) = postSolution
		{679A390F-1018-4D2C-8C36-08D1E481AB60}.Debug|Any CPU.ActiveCfg = Debug|Any CPU
		{679A390F-1018-4D2C-8C36-08D1E481AB60}.Debug|Any CPU.Build.0 = Debug|Any CPU
		{679A390F-1018-4D2C-8C36-08D1E481AB60}.Release|Any CPU.ActiveCfg = Release|Any CPU
		{679A390F-1018-4D2C-8C36-08D1E481AB60}.Release|Any CPU.Build.0 = Release|Any CPU
	EndGlobalSection
	GlobalSection(SolutionProperties) = preSolution
		HideSolutionNode = FALSE
	EndGlobalSection
	GlobalSection(ExtensibilityGlobals) = postSolution
		SolutionGuid = {8141981F-82D1-4BD8-98E0-C357D4B2FC72}
	EndGlobalSection
EndGlobal
